// !$*UTF8*$!
{
	archiveVersion = 1;
	classes = {
	};
	objectVersion = 56;
	objects = {

/* Begin PBXBuildFile section */
		4E3BFE8E2B2CB2F800E07429 /* Cascione.swift in Sources */ = {isa = PBXBuildFile; fileRef = 4E3BFE8D2B2CB2F800E07429 /* Cascione.swift */; };
		4E6805122B2220C400E49679 /* MyScene.sks in Resources */ = {isa = PBXBuildFile; fileRef = 4E6805112B2220C400E49679 /* MyScene.sks */; };
		4E6805142B23A28500E49679 /* Parallax.swift in Sources */ = {isa = PBXBuildFile; fileRef = 4E6805132B23A28500E49679 /* Parallax.swift */; };
		4E6805162B274CEF00E49679 /* Spawnable.swift in Sources */ = {isa = PBXBuildFile; fileRef = 4E6805152B274CEF00E49679 /* Spawnable.swift */; };
		4E6805182B287F2A00E49679 /* Obstacle.swift in Sources */ = {isa = PBXBuildFile; fileRef = 4E6805172B287F2A00E49679 /* Obstacle.swift */; };
		4E68051A2B28843600E49679 /* Watermelon.swift in Sources */ = {isa = PBXBuildFile; fileRef = 4E6805192B28843600E49679 /* Watermelon.swift */; };
		543F92CC2B289E9B0054B289 /* Hole.swift in Sources */ = {isa = PBXBuildFile; fileRef = 543F92CB2B289E9B0054B289 /* Hole.swift */; };
		543F92CE2B28A6CC0054B289 /* Tank.swift in Sources */ = {isa = PBXBuildFile; fileRef = 543F92CD2B28A6CC0054B289 /* Tank.swift */; };
		5481B1F02B2B3AA300D4EC5E /* TrerroteRiff.mp3 in Resources */ = {isa = PBXBuildFile; fileRef = 5481B1EF2B2B3AA300D4EC5E /* TrerroteRiff.mp3 */; };
		5481B1F22B2B4C1B00D4EC5E /* Assets.xcassets in Resources */ = {isa = PBXBuildFile; fileRef = 5481B1F12B2B4C1B00D4EC5E /* Assets.xcassets */; };
		5481B1F42B2B4C2300D4EC5E /* treruote.imageset in Resources */ = {isa = PBXBuildFile; fileRef = 5481B1F32B2B4C2300D4EC5E /* treruote.imageset */; };
		54C6DD722B1F607500BBE823 /* AppDelegate.swift in Sources */ = {isa = PBXBuildFile; fileRef = 54C6DD712B1F607500BBE823 /* AppDelegate.swift */; };
		54C6DD742B1F607500BBE823 /* GameScene.sks in Resources */ = {isa = PBXBuildFile; fileRef = 54C6DD732B1F607500BBE823 /* GameScene.sks */; };
		54C6DD762B1F607500BBE823 /* Actions.sks in Resources */ = {isa = PBXBuildFile; fileRef = 54C6DD752B1F607500BBE823 /* Actions.sks */; };
		54C6DD782B1F607500BBE823 /* GameScene.swift in Sources */ = {isa = PBXBuildFile; fileRef = 54C6DD772B1F607500BBE823 /* GameScene.swift */; };
		54C6DD7A2B1F607500BBE823 /* GameViewController.swift in Sources */ = {isa = PBXBuildFile; fileRef = 54C6DD792B1F607500BBE823 /* GameViewController.swift */; };
		54C6DD7D2B1F607500BBE823 /* Main.storyboard in Resources */ = {isa = PBXBuildFile; fileRef = 54C6DD7B2B1F607500BBE823 /* Main.storyboard */; };
		54C6DD822B1F607600BBE823 /* LaunchScreen.storyboard in Resources */ = {isa = PBXBuildFile; fileRef = 54C6DD802B1F607600BBE823 /* LaunchScreen.storyboard */; };
		850B7C1A2B28AD4400D3AE0F /* GameMenuScene.swift in Sources */ = {isa = PBXBuildFile; fileRef = 850B7C192B28AD4400D3AE0F /* GameMenuScene.swift */; };
		850B7C1C2B28B3B400D3AE0F /* LeaderboardScene.swift in Sources */ = {isa = PBXBuildFile; fileRef = 850B7C1B2B28B3B400D3AE0F /* LeaderboardScene.swift */; };
		851A6FB12B2755DD001F5CF3 /* GameOverScene.swift in Sources */ = {isa = PBXBuildFile; fileRef = 851A6FB02B2755DD001F5CF3 /* GameOverScene.swift */; };
		8523B8A22B2B552D002DBFB5 /* RoadSign.swift in Sources */ = {isa = PBXBuildFile; fileRef = 8523B8A12B2B552D002DBFB5 /* RoadSign.swift */; };
		8523B8A62B2C9C2F002DBFB5 /* treruote.mp3 in Resources */ = {isa = PBXBuildFile; fileRef = 8523B8A52B2C9C2F002DBFB5 /* treruote.mp3 */; };
		8523B8A82B2DF078002DBFB5 /* TutorialScene.swift in Sources */ = {isa = PBXBuildFile; fileRef = 8523B8A72B2DF078002DBFB5 /* TutorialScene.swift */; };
		858AFB362B2A08D300F23731 /* EnterNameScene.swift in Sources */ = {isa = PBXBuildFile; fileRef = 858AFB352B2A08D300F23731 /* EnterNameScene.swift */; };
/* End PBXBuildFile section */

/* Begin PBXFileReference section */
		4E3BFE8D2B2CB2F800E07429 /* Cascione.swift */ = {isa = PBXFileReference; lastKnownFileType = sourcecode.swift; path = Cascione.swift; sourceTree = "<group>"; };
		4E6805112B2220C400E49679 /* MyScene.sks */ = {isa = PBXFileReference; lastKnownFileType = file.sks; path = MyScene.sks; sourceTree = "<group>"; };
		4E6805132B23A28500E49679 /* Parallax.swift */ = {isa = PBXFileReference; lastKnownFileType = sourcecode.swift; path = Parallax.swift; sourceTree = SOURCE_ROOT; };
		4E6805152B274CEF00E49679 /* Spawnable.swift */ = {isa = PBXFileReference; lastKnownFileType = sourcecode.swift; path = Spawnable.swift; sourceTree = "<group>"; };
		4E6805172B287F2A00E49679 /* Obstacle.swift */ = {isa = PBXFileReference; lastKnownFileType = sourcecode.swift; path = Obstacle.swift; sourceTree = "<group>"; };
		4E6805192B28843600E49679 /* Watermelon.swift */ = {isa = PBXFileReference; lastKnownFileType = sourcecode.swift; path = Watermelon.swift; sourceTree = "<group>"; };
		543F92CB2B289E9B0054B289 /* Hole.swift */ = {isa = PBXFileReference; lastKnownFileType = sourcecode.swift; path = Hole.swift; sourceTree = "<group>"; };
		543F92CD2B28A6CC0054B289 /* Tank.swift */ = {isa = PBXFileReference; lastKnownFileType = sourcecode.swift; path = Tank.swift; sourceTree = "<group>"; };
		5481B1EF2B2B3AA300D4EC5E /* TrerroteRiff.mp3 */ = {isa = PBXFileReference; lastKnownFileType = audio.mp3; path = TrerroteRiff.mp3; sourceTree = "<group>"; };
		5481B1F12B2B4C1B00D4EC5E /* Assets.xcassets */ = {isa = PBXFileReference; lastKnownFileType = folder.assetcatalog; path = Assets.xcassets; sourceTree = "<group>"; };
		5481B1F32B2B4C2300D4EC5E /* treruote.imageset */ = {isa = PBXFileReference; lastKnownFileType = folder; path = treruote.imageset; sourceTree = "<group>"; };
		54C6DD6E2B1F607500BBE823 /* RunningBanana.app */ = {isa = PBXFileReference; explicitFileType = wrapper.application; includeInIndex = 0; path = RunningBanana.app; sourceTree = BUILT_PRODUCTS_DIR; };
		54C6DD712B1F607500BBE823 /* AppDelegate.swift */ = {isa = PBXFileReference; lastKnownFileType = sourcecode.swift; path = AppDelegate.swift; sourceTree = "<group>"; };
		54C6DD732B1F607500BBE823 /* GameScene.sks */ = {isa = PBXFileReference; lastKnownFileType = file.sks; path = GameScene.sks; sourceTree = "<group>"; };
		54C6DD752B1F607500BBE823 /* Actions.sks */ = {isa = PBXFileReference; lastKnownFileType = file.sks; path = Actions.sks; sourceTree = "<group>"; };
		54C6DD772B1F607500BBE823 /* GameScene.swift */ = {isa = PBXFileReference; lastKnownFileType = sourcecode.swift; path = GameScene.swift; sourceTree = "<group>"; };
		54C6DD792B1F607500BBE823 /* GameViewController.swift */ = {isa = PBXFileReference; lastKnownFileType = sourcecode.swift; path = GameViewController.swift; sourceTree = "<group>"; };
		54C6DD7C2B1F607500BBE823 /* Base */ = {isa = PBXFileReference; lastKnownFileType = file.storyboard; name = Base; path = Base.lproj/Main.storyboard; sourceTree = "<group>"; };
		54C6DD812B1F607600BBE823 /* Base */ = {isa = PBXFileReference; lastKnownFileType = file.storyboard; name = Base; path = Base.lproj/LaunchScreen.storyboard; sourceTree = "<group>"; };
		850B7C192B28AD4400D3AE0F /* GameMenuScene.swift */ = {isa = PBXFileReference; lastKnownFileType = sourcecode.swift; path = GameMenuScene.swift; sourceTree = "<group>"; };
		850B7C1B2B28B3B400D3AE0F /* LeaderboardScene.swift */ = {isa = PBXFileReference; lastKnownFileType = sourcecode.swift; path = LeaderboardScene.swift; sourceTree = "<group>"; };
		851A6FB02B2755DD001F5CF3 /* GameOverScene.swift */ = {isa = PBXFileReference; lastKnownFileType = sourcecode.swift; path = GameOverScene.swift; sourceTree = "<group>"; };
		8523B8A12B2B552D002DBFB5 /* RoadSign.swift */ = {isa = PBXFileReference; lastKnownFileType = sourcecode.swift; path = RoadSign.swift; sourceTree = "<group>"; };
		8523B8A52B2C9C2F002DBFB5 /* treruote.mp3 */ = {isa = PBXFileReference; lastKnownFileType = audio.mp3; path = treruote.mp3; sourceTree = "<group>"; };
		8523B8A72B2DF078002DBFB5 /* TutorialScene.swift */ = {isa = PBXFileReference; lastKnownFileType = sourcecode.swift; path = TutorialScene.swift; sourceTree = "<group>"; };
		858AFB352B2A08D300F23731 /* EnterNameScene.swift */ = {isa = PBXFileReference; lastKnownFileType = sourcecode.swift; path = EnterNameScene.swift; sourceTree = "<group>"; };
/* End PBXFileReference section */

/* Begin PBXFrameworksBuildPhase section */
		54C6DD6B2B1F607500BBE823 /* Frameworks */ = {
			isa = PBXFrameworksBuildPhase;
			buildActionMask = 2147483647;
			files = (
			);
			runOnlyForDeploymentPostprocessing = 0;
		};
/* End PBXFrameworksBuildPhase section */

/* Begin PBXGroup section */
		54C6DD652B1F607500BBE823 = {
			isa = PBXGroup;
			children = (
				54C6DD702B1F607500BBE823 /* RunningBanana */,
				54C6DD6F2B1F607500BBE823 /* Products */,
			);
			sourceTree = "<group>";
		};
		54C6DD6F2B1F607500BBE823 /* Products */ = {
			isa = PBXGroup;
			children = (
				54C6DD6E2B1F607500BBE823 /* RunningBanana.app */,
			);
			name = Products;
			sourceTree = "<group>";
		};
		54C6DD702B1F607500BBE823 /* RunningBanana */ = {
			isa = PBXGroup;
			children = (
				8523B8A72B2DF078002DBFB5 /* TutorialScene.swift */,
				8523B8A12B2B552D002DBFB5 /* RoadSign.swift */,
				858AFB352B2A08D300F23731 /* EnterNameScene.swift */,
				543F92CB2B289E9B0054B289 /* Hole.swift */,
				850B7C192B28AD4400D3AE0F /* GameMenuScene.swift */,
				54C6DD712B1F607500BBE823 /* AppDelegate.swift */,
				54C6DD732B1F607500BBE823 /* GameScene.sks */,
				850B7C1B2B28B3B400D3AE0F /* LeaderboardScene.swift */,
				4E6805112B2220C400E49679 /* MyScene.sks */,
				54C6DD752B1F607500BBE823 /* Actions.sks */,
				54C6DD772B1F607500BBE823 /* GameScene.swift */,
				4E3BFE8D2B2CB2F800E07429 /* Cascione.swift */,
				4E6805152B274CEF00E49679 /* Spawnable.swift */,
				543F92CD2B28A6CC0054B289 /* Tank.swift */,
				4E6805172B287F2A00E49679 /* Obstacle.swift */,
				4E6805192B28843600E49679 /* Watermelon.swift */,
				851A6FB02B2755DD001F5CF3 /* GameOverScene.swift */,
				4E6805132B23A28500E49679 /* Parallax.swift */,
				54C6DD792B1F607500BBE823 /* GameViewController.swift */,
				54C6DD7B2B1F607500BBE823 /* Main.storyboard */,
				8523B8A52B2C9C2F002DBFB5 /* treruote.mp3 */,
				54C6DD802B1F607600BBE823 /* LaunchScreen.storyboard */,
				5481B1EF2B2B3AA300D4EC5E /* TrerroteRiff.mp3 */,
				5481B1F12B2B4C1B00D4EC5E /* Assets.xcassets */,
				5481B1F32B2B4C2300D4EC5E /* treruote.imageset */,
			);
			path = RunningBanana;
			sourceTree = "<group>";
		};
/* End PBXGroup section */

/* Begin PBXNativeTarget section */
		54C6DD6D2B1F607500BBE823 /* RunningBanana */ = {
			isa = PBXNativeTarget;
			buildConfigurationList = 54C6DD852B1F607600BBE823 /* Build configuration list for PBXNativeTarget "RunningBanana" */;
			buildPhases = (
				54C6DD6A2B1F607500BBE823 /* Sources */,
				54C6DD6B2B1F607500BBE823 /* Frameworks */,
				54C6DD6C2B1F607500BBE823 /* Resources */,
			);
			buildRules = (
			);
			dependencies = (
			);
			name = RunningBanana;
			productName = RunningBanana;
			productReference = 54C6DD6E2B1F607500BBE823 /* RunningBanana.app */;
			productType = "com.apple.product-type.application";
		};
/* End PBXNativeTarget section */

/* Begin PBXProject section */
		54C6DD662B1F607500BBE823 /* Project object */ = {
			isa = PBXProject;
			attributes = {
				BuildIndependentTargetsInParallel = 1;
				LastSwiftUpdateCheck = 1500;
				LastUpgradeCheck = 1500;
				TargetAttributes = {
					54C6DD6D2B1F607500BBE823 = {
						CreatedOnToolsVersion = 15.0;
					};
				};
			};
			buildConfigurationList = 54C6DD692B1F607500BBE823 /* Build configuration list for PBXProject "RunningBanana" */;
			compatibilityVersion = "Xcode 14.0";
			developmentRegion = en;
			hasScannedForEncodings = 0;
			knownRegions = (
				en,
				Base,
			);
			mainGroup = 54C6DD652B1F607500BBE823;
			productRefGroup = 54C6DD6F2B1F607500BBE823 /* Products */;
			projectDirPath = "";
			projectRoot = "";
			targets = (
				54C6DD6D2B1F607500BBE823 /* RunningBanana */,
			);
		};
/* End PBXProject section */

/* Begin PBXResourcesBuildPhase section */
		54C6DD6C2B1F607500BBE823 /* Resources */ = {
			isa = PBXResourcesBuildPhase;
			buildActionMask = 2147483647;
			files = (
				5481B1F42B2B4C2300D4EC5E /* treruote.imageset in Resources */,
				54C6DD7D2B1F607500BBE823 /* Main.storyboard in Resources */,
				54C6DD742B1F607500BBE823 /* GameScene.sks in Resources */,
				8523B8A62B2C9C2F002DBFB5 /* treruote.mp3 in Resources */,
				5481B1F02B2B3AA300D4EC5E /* TrerroteRiff.mp3 in Resources */,
				54C6DD822B1F607600BBE823 /* LaunchScreen.storyboard in Resources */,
				5481B1F22B2B4C1B00D4EC5E /* Assets.xcassets in Resources */,
				4E6805122B2220C400E49679 /* MyScene.sks in Resources */,
				54C6DD762B1F607500BBE823 /* Actions.sks in Resources */,
			);
			runOnlyForDeploymentPostprocessing = 0;
		};
/* End PBXResourcesBuildPhase section */

/* Begin PBXSourcesBuildPhase section */
		54C6DD6A2B1F607500BBE823 /* Sources */ = {
			isa = PBXSourcesBuildPhase;
			buildActionMask = 2147483647;
			files = (
				8523B8A82B2DF078002DBFB5 /* TutorialScene.swift in Sources */,
				850B7C1C2B28B3B400D3AE0F /* LeaderboardScene.swift in Sources */,
				858AFB362B2A08D300F23731 /* EnterNameScene.swift in Sources */,
				54C6DD782B1F607500BBE823 /* GameScene.swift in Sources */,
				4E3BFE8E2B2CB2F800E07429 /* Cascione.swift in Sources */,
				851A6FB12B2755DD001F5CF3 /* GameOverScene.swift in Sources */,
				8523B8A22B2B552D002DBFB5 /* RoadSign.swift in Sources */,
				54C6DD7A2B1F607500BBE823 /* GameViewController.swift in Sources */,
				4E6805182B287F2A00E49679 /* Obstacle.swift in Sources */,
				543F92CC2B289E9B0054B289 /* Hole.swift in Sources */,
				4E6805142B23A28500E49679 /* Parallax.swift in Sources */,
				4E6805162B274CEF00E49679 /* Spawnable.swift in Sources */,
				543F92CE2B28A6CC0054B289 /* Tank.swift in Sources */,
				54C6DD722B1F607500BBE823 /* AppDelegate.swift in Sources */,
				850B7C1A2B28AD4400D3AE0F /* GameMenuScene.swift in Sources */,
				4E68051A2B28843600E49679 /* Watermelon.swift in Sources */,
			);
			runOnlyForDeploymentPostprocessing = 0;
		};
/* End PBXSourcesBuildPhase section */

/* Begin PBXVariantGroup section */
		54C6DD7B2B1F607500BBE823 /* Main.storyboard */ = {
			isa = PBXVariantGroup;
			children = (
				54C6DD7C2B1F607500BBE823 /* Base */,
			);
			name = Main.storyboard;
			sourceTree = "<group>";
		};
		54C6DD802B1F607600BBE823 /* LaunchScreen.storyboard */ = {
			isa = PBXVariantGroup;
			children = (
				54C6DD812B1F607600BBE823 /* Base */,
			);
			name = LaunchScreen.storyboard;
			sourceTree = "<group>";
		};
/* End PBXVariantGroup section */

/* Begin XCBuildConfiguration section */
		54C6DD832B1F607600BBE823 /* Debug */ = {
			isa = XCBuildConfiguration;
			buildSettings = {
				ALWAYS_SEARCH_USER_PATHS = NO;
				ASSETCATALOG_COMPILER_GENERATE_SWIFT_ASSET_SYMBOL_EXTENSIONS = YES;
				CLANG_ANALYZER_NONNULL = YES;
				CLANG_ANALYZER_NUMBER_OBJECT_CONVERSION = YES_AGGRESSIVE;
				CLANG_CXX_LANGUAGE_STANDARD = "gnu++20";
				CLANG_ENABLE_MODULES = YES;
				CLANG_ENABLE_OBJC_ARC = YES;
				CLANG_ENABLE_OBJC_WEAK = YES;
				CLANG_WARN_BLOCK_CAPTURE_AUTORELEASING = YES;
				CLANG_WARN_BOOL_CONVERSION = YES;
				CLANG_WARN_COMMA = YES;
				CLANG_WARN_CONSTANT_CONVERSION = YES;
				CLANG_WARN_DEPRECATED_OBJC_IMPLEMENTATIONS = YES;
				CLANG_WARN_DIRECT_OBJC_ISA_USAGE = YES_ERROR;
				CLANG_WARN_DOCUMENTATION_COMMENTS = YES;
				CLANG_WARN_EMPTY_BODY = YES;
				CLANG_WARN_ENUM_CONVERSION = YES;
				CLANG_WARN_INFINITE_RECURSION = YES;
				CLANG_WARN_INT_CONVERSION = YES;
				CLANG_WARN_NON_LITERAL_NULL_CONVERSION = YES;
				CLANG_WARN_OBJC_IMPLICIT_RETAIN_SELF = YES;
				CLANG_WARN_OBJC_LITERAL_CONVERSION = YES;
				CLANG_WARN_OBJC_ROOT_CLASS = YES_ERROR;
				CLANG_WARN_QUOTED_INCLUDE_IN_FRAMEWORK_HEADER = YES;
				CLANG_WARN_RANGE_LOOP_ANALYSIS = YES;
				CLANG_WARN_STRICT_PROTOTYPES = YES;
				CLANG_WARN_SUSPICIOUS_MOVE = YES;
				CLANG_WARN_UNGUARDED_AVAILABILITY = YES_AGGRESSIVE;
				CLANG_WARN_UNREACHABLE_CODE = YES;
				CLANG_WARN__DUPLICATE_METHOD_MATCH = YES;
				COPY_PHASE_STRIP = NO;
				DEBUG_INFORMATION_FORMAT = dwarf;
				ENABLE_STRICT_OBJC_MSGSEND = YES;
				ENABLE_TESTABILITY = YES;
				ENABLE_USER_SCRIPT_SANDBOXING = YES;
				GCC_C_LANGUAGE_STANDARD = gnu17;
				GCC_DYNAMIC_NO_PIC = NO;
				GCC_NO_COMMON_BLOCKS = YES;
				GCC_OPTIMIZATION_LEVEL = 0;
				GCC_PREPROCESSOR_DEFINITIONS = (
					"DEBUG=1",
					"$(inherited)",
				);
				GCC_WARN_64_TO_32_BIT_CONVERSION = YES;
				GCC_WARN_ABOUT_RETURN_TYPE = YES_ERROR;
				GCC_WARN_UNDECLARED_SELECTOR = YES;
				GCC_WARN_UNINITIALIZED_AUTOS = YES_AGGRESSIVE;
				GCC_WARN_UNUSED_FUNCTION = YES;
				GCC_WARN_UNUSED_VARIABLE = YES;
				IPHONEOS_DEPLOYMENT_TARGET = 17.0;
				LOCALIZATION_PREFERS_STRING_CATALOGS = YES;
				MTL_ENABLE_DEBUG_INFO = INCLUDE_SOURCE;
				MTL_FAST_MATH = YES;
				ONLY_ACTIVE_ARCH = YES;
				SDKROOT = iphoneos;
				SWIFT_ACTIVE_COMPILATION_CONDITIONS = "DEBUG $(inherited)";
				SWIFT_OPTIMIZATION_LEVEL = "-Onone";
			};
			name = Debug;
		};
		54C6DD842B1F607600BBE823 /* Release */ = {
			isa = XCBuildConfiguration;
			buildSettings = {
				ALWAYS_SEARCH_USER_PATHS = NO;
				ASSETCATALOG_COMPILER_GENERATE_SWIFT_ASSET_SYMBOL_EXTENSIONS = YES;
				CLANG_ANALYZER_NONNULL = YES;
				CLANG_ANALYZER_NUMBER_OBJECT_CONVERSION = YES_AGGRESSIVE;
				CLANG_CXX_LANGUAGE_STANDARD = "gnu++20";
				CLANG_ENABLE_MODULES = YES;
				CLANG_ENABLE_OBJC_ARC = YES;
				CLANG_ENABLE_OBJC_WEAK = YES;
				CLANG_WARN_BLOCK_CAPTURE_AUTORELEASING = YES;
				CLANG_WARN_BOOL_CONVERSION = YES;
				CLANG_WARN_COMMA = YES;
				CLANG_WARN_CONSTANT_CONVERSION = YES;
				CLANG_WARN_DEPRECATED_OBJC_IMPLEMENTATIONS = YES;
				CLANG_WARN_DIRECT_OBJC_ISA_USAGE = YES_ERROR;
				CLANG_WARN_DOCUMENTATION_COMMENTS = YES;
				CLANG_WARN_EMPTY_BODY = YES;
				CLANG_WARN_ENUM_CONVERSION = YES;
				CLANG_WARN_INFINITE_RECURSION = YES;
				CLANG_WARN_INT_CONVERSION = YES;
				CLANG_WARN_NON_LITERAL_NULL_CONVERSION = YES;
				CLANG_WARN_OBJC_IMPLICIT_RETAIN_SELF = YES;
				CLANG_WARN_OBJC_LITERAL_CONVERSION = YES;
				CLANG_WARN_OBJC_ROOT_CLASS = YES_ERROR;
				CLANG_WARN_QUOTED_INCLUDE_IN_FRAMEWORK_HEADER = YES;
				CLANG_WARN_RANGE_LOOP_ANALYSIS = YES;
				CLANG_WARN_STRICT_PROTOTYPES = YES;
				CLANG_WARN_SUSPICIOUS_MOVE = YES;
				CLANG_WARN_UNGUARDED_AVAILABILITY = YES_AGGRESSIVE;
				CLANG_WARN_UNREACHABLE_CODE = YES;
				CLANG_WARN__DUPLICATE_METHOD_MATCH = YES;
				COPY_PHASE_STRIP = NO;
				DEBUG_INFORMATION_FORMAT = "dwarf-with-dsym";
				ENABLE_NS_ASSERTIONS = NO;
				ENABLE_STRICT_OBJC_MSGSEND = YES;
				ENABLE_USER_SCRIPT_SANDBOXING = YES;
				GCC_C_LANGUAGE_STANDARD = gnu17;
				GCC_NO_COMMON_BLOCKS = YES;
				GCC_WARN_64_TO_32_BIT_CONVERSION = YES;
				GCC_WARN_ABOUT_RETURN_TYPE = YES_ERROR;
				GCC_WARN_UNDECLARED_SELECTOR = YES;
				GCC_WARN_UNINITIALIZED_AUTOS = YES_AGGRESSIVE;
				GCC_WARN_UNUSED_FUNCTION = YES;
				GCC_WARN_UNUSED_VARIABLE = YES;
				IPHONEOS_DEPLOYMENT_TARGET = 17.0;
				LOCALIZATION_PREFERS_STRING_CATALOGS = YES;
				MTL_ENABLE_DEBUG_INFO = NO;
				MTL_FAST_MATH = YES;
				SDKROOT = iphoneos;
				SWIFT_COMPILATION_MODE = wholemodule;
				VALIDATE_PRODUCT = YES;
			};
			name = Release;
		};
		54C6DD862B1F607600BBE823 /* Debug */ = {
			isa = XCBuildConfiguration;
			buildSettings = {
				ASSETCATALOG_COMPILER_APPICON_NAME = AppIcon;
				ASSETCATALOG_COMPILER_GLOBAL_ACCENT_COLOR_NAME = AccentColor;
				CODE_SIGN_STYLE = Automatic;
				CURRENT_PROJECT_VERSION = 1;
				DEVELOPMENT_TEAM = 4M3932AY72;
				GENERATE_INFOPLIST_FILE = YES;
				INFOPLIST_KEY_LSApplicationCategoryType = "public.app-category.arcade-games";
				INFOPLIST_KEY_UIApplicationSupportsIndirectInputEvents = YES;
				INFOPLIST_KEY_UILaunchStoryboardName = LaunchScreen;
				INFOPLIST_KEY_UIMainStoryboardFile = Main;
				INFOPLIST_KEY_UIStatusBarHidden = YES;
				INFOPLIST_KEY_UISupportedInterfaceOrientations = "UIInterfaceOrientationLandscapeLeft UIInterfaceOrientationLandscapeRight";
				INFOPLIST_KEY_UISupportedInterfaceOrientations_iPad = "UIInterfaceOrientationLandscapeLeft UIInterfaceOrientationLandscapeRight UIInterfaceOrientationPortraitUpsideDown";
				LD_RUNPATH_SEARCH_PATHS = (
					"$(inherited)",
					"@executable_path/Frameworks",
				);
				MARKETING_VERSION = 1.0;
				PRODUCT_BUNDLE_IDENTIFIER = otrerrote.RunningBanana;
				PRODUCT_NAME = "$(TARGET_NAME)";
				SUPPORTED_PLATFORMS = "iphoneos iphonesimulator";
				SUPPORTS_MACCATALYST = NO;
				SUPPORTS_MAC_DESIGNED_FOR_IPHONE_IPAD = NO;
				SWIFT_EMIT_LOC_STRINGS = YES;
				SWIFT_VERSION = 5.0;
				TARGETED_DEVICE_FAMILY = 1;
			};
			name = Debug;
		};
		54C6DD872B1F607600BBE823 /* Release */ = {
			isa = XCBuildConfiguration;
			buildSettings = {
				ASSETCATALOG_COMPILER_APPICON_NAME = AppIcon;
				ASSETCATALOG_COMPILER_GLOBAL_ACCENT_COLOR_NAME = AccentColor;
				CODE_SIGN_STYLE = Automatic;
				CURRENT_PROJECT_VERSION = 1;
				DEVELOPMENT_TEAM = 4M3932AY72;
				GENERATE_INFOPLIST_FILE = YES;
				INFOPLIST_KEY_LSApplicationCategoryType = "public.app-category.arcade-games";
				INFOPLIST_KEY_UIApplicationSupportsIndirectInputEvents = YES;
				INFOPLIST_KEY_UILaunchStoryboardName = LaunchScreen;
				INFOPLIST_KEY_UIMainStoryboardFile = Main;
				INFOPLIST_KEY_UIStatusBarHidden = YES;
				INFOPLIST_KEY_UISupportedInterfaceOrientations = "UIInterfaceOrientationLandscapeLeft UIInterfaceOrientationLandscapeRight";
				INFOPLIST_KEY_UISupportedInterfaceOrientations_iPad = "UIInterfaceOrientationLandscapeLeft UIInterfaceOrientationLandscapeRight UIInterfaceOrientationPortraitUpsideDown";
				LD_RUNPATH_SEARCH_PATHS = (
					"$(inherited)",
					"@executable_path/Frameworks",
				);
				MARKETING_VERSION = 1.0;
				PRODUCT_BUNDLE_IDENTIFIER = otrerrote.RunningBanana;
				PRODUCT_NAME = "$(TARGET_NAME)";
				SUPPORTED_PLATFORMS = "iphoneos iphonesimulator";
				SUPPORTS_MACCATALYST = NO;
				SUPPORTS_MAC_DESIGNED_FOR_IPHONE_IPAD = NO;
				SWIFT_EMIT_LOC_STRINGS = YES;
				SWIFT_VERSION = 5.0;
				TARGETED_DEVICE_FAMILY = 1;
			};
			name = Release;
		};
/* End XCBuildConfiguration section */

/* Begin XCConfigurationList section */
		54C6DD692B1F607500BBE823 /* Build configuration list for PBXProject "RunningBanana" */ = {
			isa = XCConfigurationList;
			buildConfigurations = (
				54C6DD832B1F607600BBE823 /* Debug */,
				54C6DD842B1F607600BBE823 /* Release */,
			);
			defaultConfigurationIsVisible = 0;
			defaultConfigurationName = Release;
		};
		54C6DD852B1F607600BBE823 /* Build configuration list for PBXNativeTarget "RunningBanana" */ = {
			isa = XCConfigurationList;
			buildConfigurations = (
				54C6DD862B1F607600BBE823 /* Debug */,
				54C6DD872B1F607600BBE823 /* Release */,
			);
			defaultConfigurationIsVisible = 0;
			defaultConfigurationName = Release;
		};
/* End XCConfigurationList section */
	};
	rootObject = 54C6DD662B1F607500BBE823 /* Project object */;
}
